
Microsoft Visual Studio Solution File, Format Version 12.00
# Visual Studio Version 17
VisualStudioVersion = 17.14.36121.58 d17.14
MinimumVisualStudioVersion = 10.0.40219.1
Project("{FAE04EC0-301F-11D3-BF4B-00C04F79EFBC}") = "Разработка программных модулей", "Разработка программных модулей.csproj", "{81FA85AA-DF48-49BA-9F97-02F61BBA9DD3}"
EndProject
Global
	GlobalSection(SolutionConfigurationPlatforms) = preSolution
		Debug|Any CPU = Debug|Any CPU
		Release|Any CPU = Release|Any CPU
	EndGlobalSection
	GlobalSection(ProjectConfigurationPlatforms) = postSolution
		{81FA85AA-DF48-49BA-9F97-02F61BBA9DD3}.Debug|Any CPU.ActiveCfg = Debug|Any CPU
		{81FA85AA-DF48-49BA-9F97-02F61BBA9DD3}.Debug|Any CPU.Build.0 = Debug|Any CPU
		{81FA85AA-DF48-49BA-9F97-02F61BBA9DD3}.Release|Any CPU.ActiveCfg = Release|Any CPU
		{81FA85AA-DF48-49BA-9F97-02F61BBA9DD3}.Release|Any CPU.Build.0 = Release|Any CPU
	EndGlobalSection
	GlobalSection(SolutionProperties) = preSolution
		HideSolutionNode = FALSE
	EndGlobalSection
	GlobalSection(ExtensibilityGlobals) = postSolution
		SolutionGuid = {2A2C32F6-5524-4B00-ABC2-95D141F14519}
	EndGlobalSection
EndGlobal
